
Microsoft Visual Studio Solution File, Format Version 12.00
# Visual Studio Version 16
VisualStudioVersion = 16.0.31911.196
MinimumVisualStudioVersion = 10.0.40219.1
Project("{9A19103F-16F7-4668-BE54-9A1E7A4F7556}") = "AlgorithmsAndDataStructures", "AkgorithmsAndDataStructures\AlgorithmsAndDataStructures.csproj", "{D03654C7-9012-4AC5-B8AE-2AE1CDDB4514}"
EndProject
Project("{FAE04EC0-301F-11D3-BF4B-00C04F79EFBC}") = "LibLesson", "LibLesson\LibLesson.csproj", "{98C796EC-941D-4913-B463-59B731322417}"
EndProject
Global
	GlobalSection(SolutionConfigurationPlatforms) = preSolution
		Debug|Any CPU = Debug|Any CPU
		Release|Any CPU = Release|Any CPU
	EndGlobalSection
	GlobalSection(ProjectConfigurationPlatforms) = postSolution
		{D03654C7-9012-4AC5-B8AE-2AE1CDDB4514}.Debug|Any CPU.ActiveCfg = Debug|Any CPU
		{D03654C7-9012-4AC5-B8AE-2AE1CDDB4514}.Debug|Any CPU.Build.0 = Debug|Any CPU
		{D03654C7-9012-4AC5-B8AE-2AE1CDDB4514}.Release|Any CPU.ActiveCfg = Release|Any CPU
		{D03654C7-9012-4AC5-B8AE-2AE1CDDB4514}.Release|Any CPU.Build.0 = Release|Any CPU
		{98C796EC-941D-4913-B463-59B731322417}.Debug|Any CPU.ActiveCfg = Debug|Any CPU
		{98C796EC-941D-4913-B463-59B731322417}.Debug|Any CPU.Build.0 = Debug|Any CPU
		{98C796EC-941D-4913-B463-59B731322417}.Release|Any CPU.ActiveCfg = Release|Any CPU
		{98C796EC-941D-4913-B463-59B731322417}.Release|Any CPU.Build.0 = Release|Any CPU
	EndGlobalSection
	GlobalSection(SolutionProperties) = preSolution
		HideSolutionNode = FALSE
	EndGlobalSection
	GlobalSection(ExtensibilityGlobals) = postSolution
		SolutionGuid = {ED5D4F8B-8AA0-4BD5-A913-41327B28FA00}
	EndGlobalSection
EndGlobal
